
Microsoft Visual Studio Solution File, Format Version 12.00
# Visual Studio Version 16
VisualStudioVersion = 16.0.30907.101
MinimumVisualStudioVersion = 10.0.40219.1
Project("{FAE04EC0-301F-11D3-BF4B-00C04F79EFBC}") = "Gateway", "Gateway\Gateway.csproj", "{F54C582C-42C5-4242-B717-BDEC1FA88AB9}"
EndProject
Project("{FAE04EC0-301F-11D3-BF4B-00C04F79EFBC}") = "LoginService", "LoginService\LoginService.csproj", "{1F13D2E4-B707-4BCA-9BF1-9D1B99BDA343}"
EndProject
Project("{FAE04EC0-301F-11D3-BF4B-00C04F79EFBC}") = "MitgliederService", "MitgliederService\MitgliederService.csproj", "{094EBABE-2E52-405E-ACF1-F109925AA282}"
EndProject
Global
	GlobalSection(SolutionConfigurationPlatforms) = preSolution
		Debug|Any CPU = Debug|Any CPU
		Release|Any CPU = Release|Any CPU
	EndGlobalSection
	GlobalSection(ProjectConfigurationPlatforms) = postSolution
		{F54C582C-42C5-4242-B717-BDEC1FA88AB9}.Debug|Any CPU.ActiveCfg = Debug|Any CPU
		{F54C582C-42C5-4242-B717-BDEC1FA88AB9}.Debug|Any CPU.Build.0 = Debug|Any CPU
		{F54C582C-42C5-4242-B717-BDEC1FA88AB9}.Release|Any CPU.ActiveCfg = Release|Any CPU
		{F54C582C-42C5-4242-B717-BDEC1FA88AB9}.Release|Any CPU.Build.0 = Release|Any CPU
		{1F13D2E4-B707-4BCA-9BF1-9D1B99BDA343}.Debug|Any CPU.ActiveCfg = Debug|Any CPU
		{1F13D2E4-B707-4BCA-9BF1-9D1B99BDA343}.Debug|Any CPU.Build.0 = Debug|Any CPU
		{1F13D2E4-B707-4BCA-9BF1-9D1B99BDA343}.Release|Any CPU.ActiveCfg = Release|Any CPU
		{1F13D2E4-B707-4BCA-9BF1-9D1B99BDA343}.Release|Any CPU.Build.0 = Release|Any CPU
		{094EBABE-2E52-405E-ACF1-F109925AA282}.Debug|Any CPU.ActiveCfg = Debug|Any CPU
		{094EBABE-2E52-405E-ACF1-F109925AA282}.Debug|Any CPU.Build.0 = Debug|Any CPU
		{094EBABE-2E52-405E-ACF1-F109925AA282}.Release|Any CPU.ActiveCfg = Release|Any CPU
		{094EBABE-2E52-405E-ACF1-F109925AA282}.Release|Any CPU.Build.0 = Release|Any CPU
	EndGlobalSection
	GlobalSection(SolutionProperties) = preSolution
		HideSolutionNode = FALSE
	EndGlobalSection
	GlobalSection(ExtensibilityGlobals) = postSolution
		SolutionGuid = {2170E092-08BD-4AA8-826A-DDFED01ECEB5}
	EndGlobalSection
EndGlobal
